PODS:
  - RaisinToast (0.1.0):
    - RZUtils/Categories/NSString (~> 2.4)
    - RZUtils/Categories/UIView (~> 2.4)
  - RZUtils/Categories/NSString (2.4.0)
  - RZUtils/Categories/UIView (2.4.0)

DEPENDENCIES:
  - RaisinToast (from `../`)

EXTERNAL SOURCES:
  RaisinToast:
    :path: ../

SPEC CHECKSUMS:
  RaisinToast: 61907d87750f7a708b238744d71a9f9a045e2994
  RZUtils: 51a759b13f362b49bdd426f96440c75249b16453

COCOAPODS: 0.35.0
